
Microsoft Visual Studio Solution File, Format Version 12.00
# Visual Studio Version 16
VisualStudioVersion = 16.0.28803.202
MinimumVisualStudioVersion = 10.0.40219.1
Project("{FAE04EC0-301F-11D3-BF4B-00C04F79EFBC}") = "ServiceSeed", "ServiceSeed\ServiceSeed.csproj", "{221A377F-014B-4CAE-8488-4D2F4AA89A5F}"
EndProject
Global
	GlobalSection(SolutionConfigurationPlatforms) = preSolution
		Debug|Any CPU = Debug|Any CPU
		Release|Any CPU = Release|Any CPU
	EndGlobalSection
	GlobalSection(ProjectConfigurationPlatforms) = postSolution
		{221A377F-014B-4CAE-8488-4D2F4AA89A5F}.Debug|Any CPU.ActiveCfg = Debug|Any CPU
		{221A377F-014B-4CAE-8488-4D2F4AA89A5F}.Debug|Any CPU.Build.0 = Debug|Any CPU
		{221A377F-014B-4CAE-8488-4D2F4AA89A5F}.Release|Any CPU.ActiveCfg = Release|Any CPU
		{221A377F-014B-4CAE-8488-4D2F4AA89A5F}.Release|Any CPU.Build.0 = Release|Any CPU
	EndGlobalSection
	GlobalSection(SolutionProperties) = preSolution
		HideSolutionNode = FALSE
	EndGlobalSection
	GlobalSection(ExtensibilityGlobals) = postSolution
		SolutionGuid = {18FF825F-DFC6-4E3E-B5AF-9DD7545EEB86}
	EndGlobalSection
EndGlobal
